// !$*UTF8*$!
{
	archiveVersion = 1;
	classes = {
	};
	objectVersion = 77;
	objects = {

/* Begin PBXBuildFile section */
		292AD20F2CDB095B00FF41A1 /* ReplayKit.framework in Frameworks */ = {isa = PBXBuildFile; fileRef = 292AD20E2CDB095B00FF41A1 /* ReplayKit.framework */; };
		292AD2162CDB095B00FF41A1 /* BroadcastUpload.appex in Embed Foundation Extensions */ = {isa = PBXBuildFile; fileRef = 292AD20C2CDB095B00FF41A1 /* BroadcastUpload.appex */; settings = {ATTRIBUTES = (RemoveHeadersOnCopy, ); }; };
		292AD2A82CDB0A7100FF41A1 /* Logboard in Frameworks */ = {isa = PBXBuildFile; productRef = 292AD2A72CDB0A7100FF41A1 /* Logboard */; };
		2937CEC32CD8AF79004CF7C3 /* Alamofire in Frameworks */ = {isa = PBXBuildFile; productRef = 2937CEC22CD8AF79004CF7C3 /* Alamofire */; };
		29559B2B2CD8E5FB00F1962E /* Logboard in Frameworks */ = {isa = PBXBuildFile; productRef = 29559B2A2CD8E5FB00F1962E /* Logboard */; };
/* End PBXBuildFile section */

/* Begin PBXContainerItemProxy section */
		292AD2142CDB095B00FF41A1 /* PBXContainerItemProxy */ = {
			isa = PBXContainerItemProxy;
			containerPortal = 2933F06D2CD8724C00FCA06A /* Project object */;
			proxyType = 1;
			remoteGlobalIDString = 292AD20B2CDB095B00FF41A1;
			remoteInfo = BroadcastUpload;
		};
/* End PBXContainerItemProxy section */

/* Begin PBXCopyFilesBuildPhase section */
		292AD21B2CDB095B00FF41A1 /* Embed Foundation Extensions */ = {
			isa = PBXCopyFilesBuildPhase;
			buildActionMask = 2147483647;
			dstPath = "";
			dstSubfolderSpec = 13;
			files = (
				292AD2162CDB095B00FF41A1 /* BroadcastUpload.appex in Embed Foundation Extensions */,
			);
			name = "Embed Foundation Extensions";
			runOnlyForDeploymentPostprocessing = 0;
		};
/* End PBXCopyFilesBuildPhase section */

/* Begin PBXFileReference section */
		292AD20C2CDB095B00FF41A1 /* BroadcastUpload.appex */ = {isa = PBXFileReference; explicitFileType = "wrapper.app-extension"; includeInIndex = 0; path = BroadcastUpload.appex; sourceTree = BUILT_PRODUCTS_DIR; };
		292AD20E2CDB095B00FF41A1 /* ReplayKit.framework */ = {isa = PBXFileReference; lastKnownFileType = wrapper.framework; name = ReplayKit.framework; path = System/Library/Frameworks/ReplayKit.framework; sourceTree = SDKROOT; };
		2933F0752CD8724C00FCA06A /* Shook.app */ = {isa = PBXFileReference; explicitFileType = wrapper.application; includeInIndex = 0; path = Shook.app; sourceTree = BUILT_PRODUCTS_DIR; };
/* End PBXFileReference section */

/* Begin PBXFileSystemSynchronizedBuildFileExceptionSet section */
		292AD21A2CDB095B00FF41A1 /* Exceptions for "BroadcastUpload" folder in "BroadcastUpload" target */ = {
			isa = PBXFileSystemSynchronizedBuildFileExceptionSet;
			membershipExceptions = (
				Info.plist,
			);
			target = 292AD20B2CDB095B00FF41A1 /* BroadcastUpload */;
		};
		292AD2A62CDB099300FF41A1 /* Exceptions for "Shook" folder in "BroadcastUpload" target */ = {
			isa = PBXFileSystemSynchronizedBuildFileExceptionSet;
			membershipExceptions = (
				Environment.swift,
				Sources/Codec/AudioCodec.swift,
				Sources/Codec/AudioCodecSettings.swift,
				Sources/Codec/Codec.swift,
				Sources/Codec/VideoCodec.swift,
				Sources/Codec/VideoCodecSettings.swift,
				Sources/Codec/VTSessionConvertible.swift,
				Sources/Codec/VTSessionMode.swift,
				Sources/Codec/VTSessionOption.swift,
				Sources/Codec/VTSessionOptionKey.swift,
				"Sources/Extension/AVAudioBuffer+Extension.swift",
				"Sources/Extension/AVAudioCompressedBuffer+Extension.swift",
				"Sources/Extension/AVAudioPCMBuffer+Extension.swift",
				"Sources/Extension/AVAudioTime+Extension.swift",
				"Sources/Extension/AVCaptureDevice.Format+Extension.swift",
				"Sources/Extension/AVCaptureDevice+Extension.swift",
				"Sources/Extension/AVCaptureSession.Preset+Extension.swift",
				"Sources/Extension/AVCaptureSession+Extension.swift",
				"Sources/Extension/AVFrameRateRange+Extension.swift",
				"Sources/Extension/AVLayerVideoGravity+Extension.swift",
				"Sources/Extension/CGImage+Extension.swift",
				"Sources/Extension/CMFormatDescription+Extension.swift",
				"Sources/Extension/CMSampleBuffer+Extension.swift",
				"Sources/Extension/CMTime+Extension.swift",
				"Sources/Extension/CMVideoDimention+Extension.swift",
				"Sources/Extension/CMVideoFormatDescription+Extension.swift",
				"Sources/Extension/CVPixelBuffer+Extension.swift",
				"Sources/Extension/CVPixelBufferPool+Extension.swift",
				"Sources/Extension/Data+Extension.swift",
				"Sources/Extension/ExpressibleByIntegerLiteral+Extension.swift",
				"Sources/Extension/Mirror+Extension.swift",
				"Sources/Extension/NSView+Extension.swift",
				"Sources/Extension/URL+Extension.swift",
				"Sources/Extension/vImage_Buffer+Extension.swift",
				"Sources/Extension/VTCompressionSession+Extension.swift",
				"Sources/Extension/VTDecompressionSession+Extension.swift",
				"Sources/Extension/VTRotationSessionOption+Extension.swift",
				Sources/HKStream/AudioPlayer.swift,
				Sources/HKStream/AudioPlayerNode.swift,
				Sources/HKStream/HKIncomingStream.swift,
				Sources/HKStream/HKOutgoingStream.swift,
				Sources/HKStream/HKStream.swift,
				Sources/HKStream/HKStreamBitRateStrategy.swift,
				Sources/HKStream/HKStreamOutput.swift,
				Sources/HKStream/HKStreamReadyState.swift,
				Sources/HKStream/HKStreamRecorder.swift,
				Sources/HKStream/MediaLink.swift,
				Sources/HKStream/SoundTransform.swift,
				Sources/ISO/ADTS.swift,
				Sources/ISO/AudioSpecificConfig.swift,
				Sources/ISO/AVCDecoderConfigurationRecord.swift,
				Sources/ISO/AVCNALUnit.swift,
				Sources/ISO/CRC32.swift,
				Sources/ISO/ESSpecificData.swift,
				Sources/ISO/HEVCDecoderConfigurationRecord.swift,
				Sources/ISO/HEVCNALUnit.swift,
				Sources/ISO/ISOTypeBufferUtil.swift,
				Sources/ISO/NALUnitReader.swift,
				Sources/ISO/PacketizedElementaryStream.swift,
				Sources/ISO/TSField.swift,
				Sources/ISO/TSPacket.swift,
				Sources/ISO/TSProgram.swift,
				Sources/ISO/TSReader.swift,
				Sources/ISO/TSWriter.swift,
				Sources/Mixer/AudioCaptureUnit.swift,
				Sources/Mixer/AudioDeviceUnit.swift,
				Sources/Mixer/AudioMixer.swift,
				Sources/Mixer/AudioMixerByMultiTrack.swift,
				Sources/Mixer/AudioMixerBySingleTrack.swift,
				Sources/Mixer/AudioMixerSettings.swift,
				Sources/Mixer/AudioMixerTrack.swift,
				Sources/Mixer/AudioMonitor.swift,
				Sources/Mixer/AudioNode.swift,
				Sources/Mixer/AudioRingBuffer.swift,
				Sources/Mixer/CaptureSession.swift,
				Sources/Mixer/CaptureUnit.swift,
				Sources/Mixer/DeviceUnit.swift,
				Sources/Mixer/MediaMixer.swift,
				Sources/Mixer/MediaMixerOutput.swift,
				Sources/Mixer/VideoCaptureUnit.swift,
				Sources/Mixer/VideoDeviceUnit.swift,
				Sources/Mixer/VideoMixer.swift,
				Sources/Mixer/VideoMixerSettings.swift,
				Sources/Network/NetworkConnection.swift,
				Sources/Network/NetworkMonitor.swift,
				Sources/Network/NetworkMonitorEvent.swift,
				Sources/Network/NetworkMonitorReport.swift,
				Sources/Network/NetworkTransportReport.swift,
				Sources/Network/NetworkTransportReporter.swift,
				Sources/RTMP/AMF0Serializer.swift,
				Sources/RTMP/AMF3Serializer.swift,
				Sources/RTMP/AMFFoundation.swift,
				Sources/RTMP/FLVFoundation.swift,
				Sources/RTMP/RTMPAuthenticator.swift,
				Sources/RTMP/RTMPChunk.swift,
				Sources/RTMP/RTMPConnection.swift,
				Sources/RTMP/RTMPHandshake.swift,
				Sources/RTMP/RTMPMessage.swift,
				Sources/RTMP/RTMPObjectEncoding.swift,
				Sources/RTMP/RTMPResponse.swift,
				Sources/RTMP/RTMPSharedObject.swift,
				Sources/RTMP/RTMPSocket.swift,
				Sources/RTMP/RTMPStatus.swift,
				Sources/RTMP/RTMPStream.swift,
				Sources/RTMP/RTMPStreamInfo.swift,
				Sources/RTMP/RTMPTimestamp.swift,
				Sources/Screen/Choreographer.swift,
				Sources/Screen/ChromaKeyProcessor.swift,
				Sources/Screen/Screen.swift,
				Sources/Screen/ScreenActor.swift,
				Sources/Screen/ScreenObject.swift,
				Sources/Screen/ScreenObjectContainer.swift,
				Sources/Screen/ScreenRenderer.swift,
				Sources/Screen/Shape.swift,
				Sources/Screen/ShapeFactory.swift,
				Sources/Screen/StreamScreenObject.swift,
				Sources/Screen/VideoEffect.swift,
				Sources/Screen/VideoRotator.swift,
				Sources/Util/AudioTime.swift,
				Sources/Util/AVAudioUtil.swift,
				Sources/Util/ByteArray.swift,
				Sources/Util/Constants.swift,
				Sources/Util/DataConvertible.swift,
				Sources/Util/DeviceUtil.swift,
				Sources/Util/HKAtomic.swift,
				Sources/Util/MD5.swift,
				Sources/Util/Runner.swift,
				Sources/Util/TypedBlockQueue.swift,
			);
			target = 292AD20B2CDB095B00FF41A1 /* BroadcastUpload */;
		};
		2933F0872CD8724E00FCA06A /* Exceptions for "Shook" folder in "Shook" target */ = {
			isa = PBXFileSystemSynchronizedBuildFileExceptionSet;
			membershipExceptions = (
				Info.plist,
			);
			target = 2933F0742CD8724C00FCA06A /* Shook */;
		};
/* End PBXFileSystemSynchronizedBuildFileExceptionSet section */

/* Begin PBXFileSystemSynchronizedRootGroup section */
		292AD2102CDB095B00FF41A1 /* BroadcastUpload */ = {
			isa = PBXFileSystemSynchronizedRootGroup;
			exceptions = (
				292AD21A2CDB095B00FF41A1 /* Exceptions for "BroadcastUpload" folder in "BroadcastUpload" target */,
			);
			path = BroadcastUpload;
			sourceTree = "<group>";
		};
		2933F0772CD8724C00FCA06A /* Shook */ = {
			isa = PBXFileSystemSynchronizedRootGroup;
			exceptions = (
				2933F0872CD8724E00FCA06A /* Exceptions for "Shook" folder in "Shook" target */,
				292AD2A62CDB099300FF41A1 /* Exceptions for "Shook" folder in "BroadcastUpload" target */,
			);
			path = Shook;
			sourceTree = "<group>";
		};
/* End PBXFileSystemSynchronizedRootGroup section */

/* Begin PBXFrameworksBuildPhase section */
		292AD2092CDB095B00FF41A1 /* Frameworks */ = {
			isa = PBXFrameworksBuildPhase;
			buildActionMask = 2147483647;
			files = (
				292AD2A82CDB0A7100FF41A1 /* Logboard in Frameworks */,
				292AD20F2CDB095B00FF41A1 /* ReplayKit.framework in Frameworks */,
			);
			runOnlyForDeploymentPostprocessing = 0;
		};
		2933F0722CD8724C00FCA06A /* Frameworks */ = {
			isa = PBXFrameworksBuildPhase;
			buildActionMask = 2147483647;
			files = (
				29559B2B2CD8E5FB00F1962E /* Logboard in Frameworks */,
				2937CEC32CD8AF79004CF7C3 /* Alamofire in Frameworks */,
			);
			runOnlyForDeploymentPostprocessing = 0;
		};
/* End PBXFrameworksBuildPhase section */

/* Begin PBXGroup section */
		292AD20D2CDB095B00FF41A1 /* Frameworks */ = {
			isa = PBXGroup;
			children = (
				292AD20E2CDB095B00FF41A1 /* ReplayKit.framework */,
			);
			name = Frameworks;
			sourceTree = "<group>";
		};
		2933F06C2CD8724C00FCA06A = {
			isa = PBXGroup;
			children = (
				2933F0772CD8724C00FCA06A /* Shook */,
				292AD2102CDB095B00FF41A1 /* BroadcastUpload */,
				292AD20D2CDB095B00FF41A1 /* Frameworks */,
				2933F0762CD8724C00FCA06A /* Products */,
			);
			sourceTree = "<group>";
		};
		2933F0762CD8724C00FCA06A /* Products */ = {
			isa = PBXGroup;
			children = (
				2933F0752CD8724C00FCA06A /* Shook.app */,
				292AD20C2CDB095B00FF41A1 /* BroadcastUpload.appex */,
			);
			name = Products;
			sourceTree = "<group>";
		};
/* End PBXGroup section */

/* Begin PBXNativeTarget section */
		292AD20B2CDB095B00FF41A1 /* BroadcastUpload */ = {
			isa = PBXNativeTarget;
			buildConfigurationList = 292AD2172CDB095B00FF41A1 /* Build configuration list for PBXNativeTarget "BroadcastUpload" */;
			buildPhases = (
				292AD2082CDB095B00FF41A1 /* Sources */,
				292AD2092CDB095B00FF41A1 /* Frameworks */,
				292AD20A2CDB095B00FF41A1 /* Resources */,
			);
			buildRules = (
			);
			dependencies = (
			);
			fileSystemSynchronizedGroups = (
				292AD2102CDB095B00FF41A1 /* BroadcastUpload */,
			);
			name = BroadcastUpload;
			packageProductDependencies = (
				292AD2A72CDB0A7100FF41A1 /* Logboard */,
			);
			productName = BroadcastUpload;
			productReference = 292AD20C2CDB095B00FF41A1 /* BroadcastUpload.appex */;
			productType = "com.apple.product-type.app-extension";
		};
		2933F0742CD8724C00FCA06A /* Shook */ = {
			isa = PBXNativeTarget;
			buildConfigurationList = 2933F0882CD8724E00FCA06A /* Build configuration list for PBXNativeTarget "Shook" */;
			buildPhases = (
				2933F0712CD8724C00FCA06A /* Sources */,
				2933F0722CD8724C00FCA06A /* Frameworks */,
				2933F0732CD8724C00FCA06A /* Resources */,
				292AD21B2CDB095B00FF41A1 /* Embed Foundation Extensions */,
			);
			buildRules = (
			);
			dependencies = (
				292AD2152CDB095B00FF41A1 /* PBXTargetDependency */,
			);
			fileSystemSynchronizedGroups = (
				2933F0772CD8724C00FCA06A /* Shook */,
			);
			name = Shook;
			packageProductDependencies = (
				2937CEC22CD8AF79004CF7C3 /* Alamofire */,
				29559B2A2CD8E5FB00F1962E /* Logboard */,
			);
			productName = Shook;
			productReference = 2933F0752CD8724C00FCA06A /* Shook.app */;
			productType = "com.apple.product-type.application";
		};
/* End PBXNativeTarget section */

/* Begin PBXProject section */
		2933F06D2CD8724C00FCA06A /* Project object */ = {
			isa = PBXProject;
			attributes = {
				BuildIndependentTargetsInParallel = 1;
				LastSwiftUpdateCheck = 1610;
				LastUpgradeCheck = 1610;
				TargetAttributes = {
					292AD20B2CDB095B00FF41A1 = {
						CreatedOnToolsVersion = 16.1;
					};
					2933F0742CD8724C00FCA06A = {
						CreatedOnToolsVersion = 16.1;
					};
				};
			};
			buildConfigurationList = 2933F0702CD8724C00FCA06A /* Build configuration list for PBXProject "Shook" */;
			developmentRegion = en;
			hasScannedForEncodings = 0;
			knownRegions = (
				en,
				Base,
			);
			mainGroup = 2933F06C2CD8724C00FCA06A;
			minimizedProjectReferenceProxies = 1;
			packageReferences = (
				2937CEC12CD8AF79004CF7C3 /* XCRemoteSwiftPackageReference "Alamofire" */,
				29559B292CD8E5FB00F1962E /* XCRemoteSwiftPackageReference "Logboard" */,
			);
			preferredProjectObjectVersion = 77;
			productRefGroup = 2933F0762CD8724C00FCA06A /* Products */;
			projectDirPath = "";
			projectRoot = "";
			targets = (
				2933F0742CD8724C00FCA06A /* Shook */,
				292AD20B2CDB095B00FF41A1 /* BroadcastUpload */,
			);
		};
/* End PBXProject section */

/* Begin PBXResourcesBuildPhase section */
		292AD20A2CDB095B00FF41A1 /* Resources */ = {
			isa = PBXResourcesBuildPhase;
			buildActionMask = 2147483647;
			files = (
			);
			runOnlyForDeploymentPostprocessing = 0;
		};
		2933F0732CD8724C00FCA06A /* Resources */ = {
			isa = PBXResourcesBuildPhase;
			buildActionMask = 2147483647;
			files = (
			);
			runOnlyForDeploymentPostprocessing = 0;
		};
/* End PBXResourcesBuildPhase section */

/* Begin PBXSourcesBuildPhase section */
		292AD2082CDB095B00FF41A1 /* Sources */ = {
			isa = PBXSourcesBuildPhase;
			buildActionMask = 2147483647;
			files = (
			);
			runOnlyForDeploymentPostprocessing = 0;
		};
		2933F0712CD8724C00FCA06A /* Sources */ = {
			isa = PBXSourcesBuildPhase;
			buildActionMask = 2147483647;
			files = (
			);
			runOnlyForDeploymentPostprocessing = 0;
		};
/* End PBXSourcesBuildPhase section */

/* Begin PBXTargetDependency section */
		292AD2152CDB095B00FF41A1 /* PBXTargetDependency */ = {
			isa = PBXTargetDependency;
			target = 292AD20B2CDB095B00FF41A1 /* BroadcastUpload */;
			targetProxy = 292AD2142CDB095B00FF41A1 /* PBXContainerItemProxy */;
		};
/* End PBXTargetDependency section */

/* Begin XCBuildConfiguration section */
		292AD2182CDB095B00FF41A1 /* Debug */ = {
			isa = XCBuildConfiguration;
			buildSettings = {
				CODE_SIGN_STYLE = Automatic;
				CURRENT_PROJECT_VERSION = 1;
				DEVELOPMENT_TEAM = B3PWYBKFUK;
				GENERATE_INFOPLIST_FILE = YES;
				INFOPLIST_FILE = BroadcastUpload/Info.plist;
				INFOPLIST_KEY_CFBundleDisplayName = BroadcastUpload;
				INFOPLIST_KEY_NSHumanReadableCopyright = "";
				LD_RUNPATH_SEARCH_PATHS = (
					"$(inherited)",
					"@executable_path/Frameworks",
					"@executable_path/../../Frameworks",
				);
				MARKETING_VERSION = 1.0;
				PRODUCT_BUNDLE_IDENTIFIER = kr.codesquad.boostcamp9.Shook.BroadcastUpload;
				PRODUCT_NAME = "$(TARGET_NAME)";
				SKIP_INSTALL = YES;
				SWIFT_EMIT_LOC_STRINGS = YES;
				SWIFT_VERSION = 5.0;
				TARGETED_DEVICE_FAMILY = "1,2";
			};
			name = Debug;
		};
		292AD2192CDB095B00FF41A1 /* Release */ = {
			isa = XCBuildConfiguration;
			buildSettings = {
				CODE_SIGN_STYLE = Automatic;
				CURRENT_PROJECT_VERSION = 1;
				DEVELOPMENT_TEAM = B3PWYBKFUK;
				GENERATE_INFOPLIST_FILE = YES;
				INFOPLIST_FILE = BroadcastUpload/Info.plist;
				INFOPLIST_KEY_CFBundleDisplayName = BroadcastUpload;
				INFOPLIST_KEY_NSHumanReadableCopyright = "";
				LD_RUNPATH_SEARCH_PATHS = (
					"$(inherited)",
					"@executable_path/Frameworks",
					"@executable_path/../../Frameworks",
				);
				MARKETING_VERSION = 1.0;
				PRODUCT_BUNDLE_IDENTIFIER = kr.codesquad.boostcamp9.Shook.BroadcastUpload;
				PRODUCT_NAME = "$(TARGET_NAME)";
				SKIP_INSTALL = YES;
				SWIFT_EMIT_LOC_STRINGS = YES;
				SWIFT_VERSION = 5.0;
				TARGETED_DEVICE_FAMILY = "1,2";
			};
			name = Release;
		};
		2933F0892CD8724E00FCA06A /* Debug */ = {
			isa = XCBuildConfiguration;
			buildSettings = {
				ASSETCATALOG_COMPILER_APPICON_NAME = AppIcon;
				ASSETCATALOG_COMPILER_GLOBAL_ACCENT_COLOR_NAME = AccentColor;
				CODE_SIGN_STYLE = Automatic;
				CURRENT_PROJECT_VERSION = 1;
				DEVELOPMENT_TEAM = B3PWYBKFUK;
				GENERATE_INFOPLIST_FILE = YES;
				INFOPLIST_FILE = Shook/Info.plist;
				INFOPLIST_KEY_NSCameraUsageDescription = "";
				INFOPLIST_KEY_NSMicrophoneUsageDescription = "";
				INFOPLIST_KEY_UIApplicationSupportsIndirectInputEvents = YES;
				INFOPLIST_KEY_UILaunchStoryboardName = LaunchScreen;
				INFOPLIST_KEY_UISupportedInterfaceOrientations_iPad = "UIInterfaceOrientationPortrait UIInterfaceOrientationPortraitUpsideDown UIInterfaceOrientationLandscapeLeft UIInterfaceOrientationLandscapeRight";
				INFOPLIST_KEY_UISupportedInterfaceOrientations_iPhone = "UIInterfaceOrientationPortrait UIInterfaceOrientationLandscapeLeft UIInterfaceOrientationLandscapeRight";
				IPHONEOS_DEPLOYMENT_TARGET = 16.6;
				LD_RUNPATH_SEARCH_PATHS = (
					"$(inherited)",
					"@executable_path/Frameworks",
				);
				MARKETING_VERSION = 1.0;
				PRODUCT_BUNDLE_IDENTIFIER = kr.codesquad.boostcamp9.Shook;
				PRODUCT_NAME = "$(TARGET_NAME)";
				SWIFT_EMIT_LOC_STRINGS = YES;
				SWIFT_VERSION = 5.0;
				TARGETED_DEVICE_FAMILY = "1,2";
			};
			name = Debug;
		};
		2933F08A2CD8724E00FCA06A /* Release */ = {
			isa = XCBuildConfiguration;
			buildSettings = {
				ASSETCATALOG_COMPILER_APPICON_NAME = AppIcon;
				ASSETCATALOG_COMPILER_GLOBAL_ACCENT_COLOR_NAME = AccentColor;
				CODE_SIGN_STYLE = Automatic;
				CURRENT_PROJECT_VERSION = 1;
				DEVELOPMENT_TEAM = B3PWYBKFUK;
				GENERATE_INFOPLIST_FILE = YES;
				INFOPLIST_FILE = Shook/Info.plist;
				INFOPLIST_KEY_NSCameraUsageDescription = "";
				INFOPLIST_KEY_NSMicrophoneUsageDescription = "";
				INFOPLIST_KEY_UIApplicationSupportsIndirectInputEvents = YES;
				INFOPLIST_KEY_UILaunchStoryboardName = LaunchScreen;
				INFOPLIST_KEY_UISupportedInterfaceOrientations_iPad = "UIInterfaceOrientationPortrait UIInterfaceOrientationPortraitUpsideDown UIInterfaceOrientationLandscapeLeft UIInterfaceOrientationLandscapeRight";
				INFOPLIST_KEY_UISupportedInterfaceOrientations_iPhone = "UIInterfaceOrientationPortrait UIInterfaceOrientationLandscapeLeft UIInterfaceOrientationLandscapeRight";
				IPHONEOS_DEPLOYMENT_TARGET = 16.6;
				LD_RUNPATH_SEARCH_PATHS = (
					"$(inherited)",
					"@executable_path/Frameworks",
				);
				MARKETING_VERSION = 1.0;
				PRODUCT_BUNDLE_IDENTIFIER = kr.codesquad.boostcamp9.Shook;
				PRODUCT_NAME = "$(TARGET_NAME)";
				SWIFT_EMIT_LOC_STRINGS = YES;
				SWIFT_VERSION = 5.0;
				TARGETED_DEVICE_FAMILY = "1,2";
			};
			name = Release;
		};
		2933F08B2CD8724E00FCA06A /* Debug */ = {
			isa = XCBuildConfiguration;
			buildSettings = {
				ALWAYS_SEARCH_USER_PATHS = NO;
				ASSETCATALOG_COMPILER_GENERATE_SWIFT_ASSET_SYMBOL_EXTENSIONS = YES;
				CLANG_ANALYZER_NONNULL = YES;
				CLANG_ANALYZER_NUMBER_OBJECT_CONVERSION = YES_AGGRESSIVE;
				CLANG_CXX_LANGUAGE_STANDARD = "gnu++20";
				CLANG_ENABLE_MODULES = YES;
				CLANG_ENABLE_OBJC_ARC = YES;
				CLANG_ENABLE_OBJC_WEAK = YES;
				CLANG_WARN_BLOCK_CAPTURE_AUTORELEASING = YES;
				CLANG_WARN_BOOL_CONVERSION = YES;
				CLANG_WARN_COMMA = YES;
				CLANG_WARN_CONSTANT_CONVERSION = YES;
				CLANG_WARN_DEPRECATED_OBJC_IMPLEMENTATIONS = YES;
				CLANG_WARN_DIRECT_OBJC_ISA_USAGE = YES_ERROR;
				CLANG_WARN_DOCUMENTATION_COMMENTS = YES;
				CLANG_WARN_EMPTY_BODY = YES;
				CLANG_WARN_ENUM_CONVERSION = YES;
				CLANG_WARN_INFINITE_RECURSION = YES;
				CLANG_WARN_INT_CONVERSION = YES;
				CLANG_WARN_NON_LITERAL_NULL_CONVERSION = YES;
				CLANG_WARN_OBJC_IMPLICIT_RETAIN_SELF = YES;
				CLANG_WARN_OBJC_LITERAL_CONVERSION = YES;
				CLANG_WARN_OBJC_ROOT_CLASS = YES_ERROR;
				CLANG_WARN_QUOTED_INCLUDE_IN_FRAMEWORK_HEADER = YES;
				CLANG_WARN_RANGE_LOOP_ANALYSIS = YES;
				CLANG_WARN_STRICT_PROTOTYPES = YES;
				CLANG_WARN_SUSPICIOUS_MOVE = YES;
				CLANG_WARN_UNGUARDED_AVAILABILITY = YES_AGGRESSIVE;
				CLANG_WARN_UNREACHABLE_CODE = YES;
				CLANG_WARN__DUPLICATE_METHOD_MATCH = YES;
				COPY_PHASE_STRIP = NO;
				DEBUG_INFORMATION_FORMAT = dwarf;
				ENABLE_STRICT_OBJC_MSGSEND = YES;
				ENABLE_TESTABILITY = YES;
				ENABLE_USER_SCRIPT_SANDBOXING = YES;
				GCC_C_LANGUAGE_STANDARD = gnu17;
				GCC_DYNAMIC_NO_PIC = NO;
				GCC_NO_COMMON_BLOCKS = YES;
				GCC_OPTIMIZATION_LEVEL = 0;
				GCC_PREPROCESSOR_DEFINITIONS = (
					"DEBUG=1",
					"$(inherited)",
				);
				GCC_WARN_64_TO_32_BIT_CONVERSION = YES;
				GCC_WARN_ABOUT_RETURN_TYPE = YES_ERROR;
				GCC_WARN_UNDECLARED_SELECTOR = YES;
				GCC_WARN_UNINITIALIZED_AUTOS = YES_AGGRESSIVE;
				GCC_WARN_UNUSED_FUNCTION = YES;
				GCC_WARN_UNUSED_VARIABLE = YES;
				IPHONEOS_DEPLOYMENT_TARGET = 18.1;
				LOCALIZATION_PREFERS_STRING_CATALOGS = YES;
				MTL_ENABLE_DEBUG_INFO = INCLUDE_SOURCE;
				MTL_FAST_MATH = YES;
				ONLY_ACTIVE_ARCH = YES;
				SDKROOT = iphoneos;
				SWIFT_ACTIVE_COMPILATION_CONDITIONS = "DEBUG $(inherited)";
				SWIFT_OPTIMIZATION_LEVEL = "-Onone";
			};
			name = Debug;
		};
		2933F08C2CD8724E00FCA06A /* Release */ = {
			isa = XCBuildConfiguration;
			buildSettings = {
				ALWAYS_SEARCH_USER_PATHS = NO;
				ASSETCATALOG_COMPILER_GENERATE_SWIFT_ASSET_SYMBOL_EXTENSIONS = YES;
				CLANG_ANALYZER_NONNULL = YES;
				CLANG_ANALYZER_NUMBER_OBJECT_CONVERSION = YES_AGGRESSIVE;
				CLANG_CXX_LANGUAGE_STANDARD = "gnu++20";
				CLANG_ENABLE_MODULES = YES;
				CLANG_ENABLE_OBJC_ARC = YES;
				CLANG_ENABLE_OBJC_WEAK = YES;
				CLANG_WARN_BLOCK_CAPTURE_AUTORELEASING = YES;
				CLANG_WARN_BOOL_CONVERSION = YES;
				CLANG_WARN_COMMA = YES;
				CLANG_WARN_CONSTANT_CONVERSION = YES;
				CLANG_WARN_DEPRECATED_OBJC_IMPLEMENTATIONS = YES;
				CLANG_WARN_DIRECT_OBJC_ISA_USAGE = YES_ERROR;
				CLANG_WARN_DOCUMENTATION_COMMENTS = YES;
				CLANG_WARN_EMPTY_BODY = YES;
				CLANG_WARN_ENUM_CONVERSION = YES;
				CLANG_WARN_INFINITE_RECURSION = YES;
				CLANG_WARN_INT_CONVERSION = YES;
				CLANG_WARN_NON_LITERAL_NULL_CONVERSION = YES;
				CLANG_WARN_OBJC_IMPLICIT_RETAIN_SELF = YES;
				CLANG_WARN_OBJC_LITERAL_CONVERSION = YES;
				CLANG_WARN_OBJC_ROOT_CLASS = YES_ERROR;
				CLANG_WARN_QUOTED_INCLUDE_IN_FRAMEWORK_HEADER = YES;
				CLANG_WARN_RANGE_LOOP_ANALYSIS = YES;
				CLANG_WARN_STRICT_PROTOTYPES = YES;
				CLANG_WARN_SUSPICIOUS_MOVE = YES;
				CLANG_WARN_UNGUARDED_AVAILABILITY = YES_AGGRESSIVE;
				CLANG_WARN_UNREACHABLE_CODE = YES;
				CLANG_WARN__DUPLICATE_METHOD_MATCH = YES;
				COPY_PHASE_STRIP = NO;
				DEBUG_INFORMATION_FORMAT = "dwarf-with-dsym";
				ENABLE_NS_ASSERTIONS = NO;
				ENABLE_STRICT_OBJC_MSGSEND = YES;
				ENABLE_USER_SCRIPT_SANDBOXING = YES;
				GCC_C_LANGUAGE_STANDARD = gnu17;
				GCC_NO_COMMON_BLOCKS = YES;
				GCC_WARN_64_TO_32_BIT_CONVERSION = YES;
				GCC_WARN_ABOUT_RETURN_TYPE = YES_ERROR;
				GCC_WARN_UNDECLARED_SELECTOR = YES;
				GCC_WARN_UNINITIALIZED_AUTOS = YES_AGGRESSIVE;
				GCC_WARN_UNUSED_FUNCTION = YES;
				GCC_WARN_UNUSED_VARIABLE = YES;
				IPHONEOS_DEPLOYMENT_TARGET = 18.1;
				LOCALIZATION_PREFERS_STRING_CATALOGS = YES;
				MTL_ENABLE_DEBUG_INFO = NO;
				MTL_FAST_MATH = YES;
				SDKROOT = iphoneos;
				SWIFT_COMPILATION_MODE = wholemodule;
				VALIDATE_PRODUCT = YES;
			};
			name = Release;
		};
/* End XCBuildConfiguration section */

/* Begin XCConfigurationList section */
		292AD2172CDB095B00FF41A1 /* Build configuration list for PBXNativeTarget "BroadcastUpload" */ = {
			isa = XCConfigurationList;
			buildConfigurations = (
				292AD2182CDB095B00FF41A1 /* Debug */,
				292AD2192CDB095B00FF41A1 /* Release */,
			);
			defaultConfigurationIsVisible = 0;
			defaultConfigurationName = Release;
		};
		2933F0702CD8724C00FCA06A /* Build configuration list for PBXProject "Shook" */ = {
			isa = XCConfigurationList;
			buildConfigurations = (
				2933F08B2CD8724E00FCA06A /* Debug */,
				2933F08C2CD8724E00FCA06A /* Release */,
			);
			defaultConfigurationIsVisible = 0;
			defaultConfigurationName = Release;
		};
		2933F0882CD8724E00FCA06A /* Build configuration list for PBXNativeTarget "Shook" */ = {
			isa = XCConfigurationList;
			buildConfigurations = (
				2933F0892CD8724E00FCA06A /* Debug */,
				2933F08A2CD8724E00FCA06A /* Release */,
			);
			defaultConfigurationIsVisible = 0;
			defaultConfigurationName = Release;
		};
/* End XCConfigurationList section */

/* Begin XCRemoteSwiftPackageReference section */
		2937CEC12CD8AF79004CF7C3 /* XCRemoteSwiftPackageReference "Alamofire" */ = {
			isa = XCRemoteSwiftPackageReference;
			repositoryURL = "https://github.com/Alamofire/Alamofire.git";
			requirement = {
				kind = upToNextMajorVersion;
				minimumVersion = 5.10.1;
			};
		};
		29559B292CD8E5FB00F1962E /* XCRemoteSwiftPackageReference "Logboard" */ = {
			isa = XCRemoteSwiftPackageReference;
			repositoryURL = "https://github.com/shogo4405/Logboard.git";
			requirement = {
				kind = upToNextMajorVersion;
				minimumVersion = 2.5.0;
			};
		};
/* End XCRemoteSwiftPackageReference section */

/* Begin XCSwiftPackageProductDependency section */
		292AD2A72CDB0A7100FF41A1 /* Logboard */ = {
			isa = XCSwiftPackageProductDependency;
			package = 29559B292CD8E5FB00F1962E /* XCRemoteSwiftPackageReference "Logboard" */;
			productName = Logboard;
		};
		2937CEC22CD8AF79004CF7C3 /* Alamofire */ = {
			isa = XCSwiftPackageProductDependency;
			package = 2937CEC12CD8AF79004CF7C3 /* XCRemoteSwiftPackageReference "Alamofire" */;
			productName = Alamofire;
		};
		29559B2A2CD8E5FB00F1962E /* Logboard */ = {
			isa = XCSwiftPackageProductDependency;
			package = 29559B292CD8E5FB00F1962E /* XCRemoteSwiftPackageReference "Logboard" */;
			productName = Logboard;
		};
/* End XCSwiftPackageProductDependency section */
	};
	rootObject = 2933F06D2CD8724C00FCA06A /* Project object */;
}
